
Microsoft Visual Studio Solution File, Format Version 12.00
# Visual Studio Version 17
VisualStudioVersion = 17.9.34723.18
MinimumVisualStudioVersion = 10.0.40219.1
Project("{9A19103F-16F7-4668-BE54-9A1E7A4F7556}") = "Dichotomy", "Dichotomy\Dichotomy.csproj", "{68E53878-9432-44E5-852B-8F30C175EC39}"
EndProject
Project("{9A19103F-16F7-4668-BE54-9A1E7A4F7556}") = "GoldenRatio", "GoldenRatio\GoldenRatio.csproj", "{EF826FC9-0DD5-49BF-BC22-2E1122370027}"
EndProject
Project("{9A19103F-16F7-4668-BE54-9A1E7A4F7556}") = "Newton", "Newton\Newton.csproj", "{3FD6AA21-6AED-4A06-A495-C5D1D024AF9C}"
EndProject
Project("{9A19103F-16F7-4668-BE54-9A1E7A4F7556}") = "Sorting", "Sorting\Sorting.csproj", "{3B0651D0-F253-4FC7-BA1C-3CB7512C9CBB}"
EndProject
Project("{9A19103F-16F7-4668-BE54-9A1E7A4F7556}") = "DefiniteIntegral", "DefiniteIntegral\DefiniteIntegral.csproj", "{34E58354-1E55-4C78-B9C7-ECDF18E5117B}"
EndProject
Project("{9A19103F-16F7-4668-BE54-9A1E7A4F7556}") = "SolvingEquations", "SolvingEquations\SolvingEquations.csproj", "{3CD572B5-31CB-426E-8C3B-F16AF674B173}"
EndProject
Project("{FAE04EC0-301F-11D3-BF4B-00C04F79EFBC}") = "MLS", "MLS\MLS.csproj", "{8653CE0B-59EC-41BA-8346-D3B5F794E320}"
EndProject
Global
	GlobalSection(SolutionConfigurationPlatforms) = preSolution
		Debug|Any CPU = Debug|Any CPU
		Release|Any CPU = Release|Any CPU
	EndGlobalSection
	GlobalSection(ProjectConfigurationPlatforms) = postSolution
		{68E53878-9432-44E5-852B-8F30C175EC39}.Debug|Any CPU.ActiveCfg = Debug|Any CPU
		{68E53878-9432-44E5-852B-8F30C175EC39}.Debug|Any CPU.Build.0 = Debug|Any CPU
		{68E53878-9432-44E5-852B-8F30C175EC39}.Release|Any CPU.ActiveCfg = Release|Any CPU
		{68E53878-9432-44E5-852B-8F30C175EC39}.Release|Any CPU.Build.0 = Release|Any CPU
		{EF826FC9-0DD5-49BF-BC22-2E1122370027}.Debug|Any CPU.ActiveCfg = Debug|Any CPU
		{EF826FC9-0DD5-49BF-BC22-2E1122370027}.Debug|Any CPU.Build.0 = Debug|Any CPU
		{EF826FC9-0DD5-49BF-BC22-2E1122370027}.Release|Any CPU.ActiveCfg = Release|Any CPU
		{EF826FC9-0DD5-49BF-BC22-2E1122370027}.Release|Any CPU.Build.0 = Release|Any CPU
		{3FD6AA21-6AED-4A06-A495-C5D1D024AF9C}.Debug|Any CPU.ActiveCfg = Debug|Any CPU
		{3FD6AA21-6AED-4A06-A495-C5D1D024AF9C}.Debug|Any CPU.Build.0 = Debug|Any CPU
		{3FD6AA21-6AED-4A06-A495-C5D1D024AF9C}.Release|Any CPU.ActiveCfg = Release|Any CPU
		{3FD6AA21-6AED-4A06-A495-C5D1D024AF9C}.Release|Any CPU.Build.0 = Release|Any CPU
		{3B0651D0-F253-4FC7-BA1C-3CB7512C9CBB}.Debug|Any CPU.ActiveCfg = Debug|Any CPU
		{3B0651D0-F253-4FC7-BA1C-3CB7512C9CBB}.Debug|Any CPU.Build.0 = Debug|Any CPU
		{3B0651D0-F253-4FC7-BA1C-3CB7512C9CBB}.Release|Any CPU.ActiveCfg = Release|Any CPU
		{3B0651D0-F253-4FC7-BA1C-3CB7512C9CBB}.Release|Any CPU.Build.0 = Release|Any CPU
		{34E58354-1E55-4C78-B9C7-ECDF18E5117B}.Debug|Any CPU.ActiveCfg = Debug|Any CPU
		{34E58354-1E55-4C78-B9C7-ECDF18E5117B}.Debug|Any CPU.Build.0 = Debug|Any CPU
		{34E58354-1E55-4C78-B9C7-ECDF18E5117B}.Release|Any CPU.ActiveCfg = Release|Any CPU
		{34E58354-1E55-4C78-B9C7-ECDF18E5117B}.Release|Any CPU.Build.0 = Release|Any CPU
		{3CD572B5-31CB-426E-8C3B-F16AF674B173}.Debug|Any CPU.ActiveCfg = Debug|Any CPU
		{3CD572B5-31CB-426E-8C3B-F16AF674B173}.Debug|Any CPU.Build.0 = Debug|Any CPU
		{3CD572B5-31CB-426E-8C3B-F16AF674B173}.Release|Any CPU.ActiveCfg = Release|Any CPU
		{3CD572B5-31CB-426E-8C3B-F16AF674B173}.Release|Any CPU.Build.0 = Release|Any CPU
		{8653CE0B-59EC-41BA-8346-D3B5F794E320}.Debug|Any CPU.ActiveCfg = Debug|Any CPU
		{8653CE0B-59EC-41BA-8346-D3B5F794E320}.Debug|Any CPU.Build.0 = Debug|Any CPU
		{8653CE0B-59EC-41BA-8346-D3B5F794E320}.Release|Any CPU.ActiveCfg = Release|Any CPU
		{8653CE0B-59EC-41BA-8346-D3B5F794E320}.Release|Any CPU.Build.0 = Release|Any CPU
	EndGlobalSection
	GlobalSection(SolutionProperties) = preSolution
		HideSolutionNode = FALSE
	EndGlobalSection
	GlobalSection(ExtensibilityGlobals) = postSolution
		SolutionGuid = {BD758FCC-8538-4891-939D-B7C02242038C}
	EndGlobalSection
EndGlobal
